
Microsoft Visual Studio Solution File, Format Version 12.00
# Visual Studio Version 17
VisualStudioVersion = 17.9.34616.47
MinimumVisualStudioVersion = 10.0.40219.1
Project("{FAE04EC0-301F-11D3-BF4B-00C04F79EFBC}") = "Gestiune Stocuri PAW", "Gestiune Stocuri PAW\Gestiune Stocuri PAW.csproj", "{2E06516B-54AD-4B19-9C6B-13F8554D7423}"
EndProject
Global
	GlobalSection(SolutionConfigurationPlatforms) = preSolution
		Debug|Any CPU = Debug|Any CPU
		Release|Any CPU = Release|Any CPU
	EndGlobalSection
	GlobalSection(ProjectConfigurationPlatforms) = postSolution
		{2E06516B-54AD-4B19-9C6B-13F8554D7423}.Debug|Any CPU.ActiveCfg = Debug|Any CPU
		{2E06516B-54AD-4B19-9C6B-13F8554D7423}.Debug|Any CPU.Build.0 = Debug|Any CPU
		{2E06516B-54AD-4B19-9C6B-13F8554D7423}.Release|Any CPU.ActiveCfg = Release|Any CPU
		{2E06516B-54AD-4B19-9C6B-13F8554D7423}.Release|Any CPU.Build.0 = Release|Any CPU
	EndGlobalSection
	GlobalSection(SolutionProperties) = preSolution
		HideSolutionNode = FALSE
	EndGlobalSection
	GlobalSection(ExtensibilityGlobals) = postSolution
		SolutionGuid = {E25EBD3E-4444-47D5-9C21-4302F043A71D}
	EndGlobalSection
EndGlobal
